
Microsoft Visual Studio Solution File, Format Version 12.00
# Visual Studio Version 17
VisualStudioVersion = 17.0.31903.59
MinimumVisualStudioVersion = 10.0.40219.1
Project("{2150E333-8FDC-42A3-9474-1A3956D46DE8}") = "src", "src", "{ECFF9040-D7E7-4C40-A772-BBF8C88D1ACD}"
EndProject
Project("{FAE04EC0-301F-11D3-BF4B-00C04F79EFBC}") = "PersonalSite.BlazorWasm", "src\PersonalSite.BlazorWasm\PersonalSite.BlazorWasm.csproj", "{AF83EE80-C1B9-4464-9674-9917C3353677}"
EndProject
Project("{FAE04EC0-301F-11D3-BF4B-00C04F79EFBC}") = "PersonalSite.BlazorWeb", "src\PersonalSite.BlazorWeb\PersonalSite.BlazorWeb.csproj", "{9480A93D-CF32-4AAB-B158-40EE845D1655}"
EndProject
Global
	GlobalSection(SolutionConfigurationPlatforms) = preSolution
		Debug|Any CPU = Debug|Any CPU
		Release|Any CPU = Release|Any CPU
	EndGlobalSection
	GlobalSection(SolutionProperties) = preSolution
		HideSolutionNode = FALSE
	EndGlobalSection
	GlobalSection(ProjectConfigurationPlatforms) = postSolution
		{AF83EE80-C1B9-4464-9674-9917C3353677}.Debug|Any CPU.ActiveCfg = Debug|Any CPU
		{AF83EE80-C1B9-4464-9674-9917C3353677}.Debug|Any CPU.Build.0 = Debug|Any CPU
		{AF83EE80-C1B9-4464-9674-9917C3353677}.Release|Any CPU.ActiveCfg = Release|Any CPU
		{AF83EE80-C1B9-4464-9674-9917C3353677}.Release|Any CPU.Build.0 = Release|Any CPU
		{9480A93D-CF32-4AAB-B158-40EE845D1655}.Debug|Any CPU.ActiveCfg = Debug|Any CPU
		{9480A93D-CF32-4AAB-B158-40EE845D1655}.Debug|Any CPU.Build.0 = Debug|Any CPU
		{9480A93D-CF32-4AAB-B158-40EE845D1655}.Release|Any CPU.ActiveCfg = Release|Any CPU
		{9480A93D-CF32-4AAB-B158-40EE845D1655}.Release|Any CPU.Build.0 = Release|Any CPU
	EndGlobalSection
	GlobalSection(NestedProjects) = preSolution
		{AF83EE80-C1B9-4464-9674-9917C3353677} = {ECFF9040-D7E7-4C40-A772-BBF8C88D1ACD}
		{9480A93D-CF32-4AAB-B158-40EE845D1655} = {ECFF9040-D7E7-4C40-A772-BBF8C88D1ACD}
	EndGlobalSection
EndGlobal
